
Microsoft Visual Studio Solution File, Format Version 12.00
# Visual Studio Version 17
VisualStudioVersion = 17.8.34330.188
MinimumVisualStudioVersion = 10.0.40219.1
Project("{FAE04EC0-301F-11D3-BF4B-00C04F79EFBC}") = "Octopus", "Octopus\Octopus.csproj", "{AB420474-2190-4168-8106-49819030CAC7}"
EndProject
Global
	GlobalSection(SolutionConfigurationPlatforms) = preSolution
		Debug|Any CPU = Debug|Any CPU
		Release|Any CPU = Release|Any CPU
	EndGlobalSection
	GlobalSection(ProjectConfigurationPlatforms) = postSolution
		{AB420474-2190-4168-8106-49819030CAC7}.Debug|Any CPU.ActiveCfg = Debug|Any CPU
		{AB420474-2190-4168-8106-49819030CAC7}.Debug|Any CPU.Build.0 = Debug|Any CPU
		{AB420474-2190-4168-8106-49819030CAC7}.Release|Any CPU.ActiveCfg = Release|Any CPU
		{AB420474-2190-4168-8106-49819030CAC7}.Release|Any CPU.Build.0 = Release|Any CPU
	EndGlobalSection
	GlobalSection(SolutionProperties) = preSolution
		HideSolutionNode = FALSE
	EndGlobalSection
	GlobalSection(ExtensibilityGlobals) = postSolution
		SolutionGuid = {8598E4F9-DC1B-4C58-AC96-126C8A77D5A8}
	EndGlobalSection
EndGlobal
